
Microsoft Visual Studio Solution File, Format Version 12.00
# Visual Studio 15
VisualStudioVersion = 15.0.26730.3
MinimumVisualStudioVersion = 10.0.40219.1
Project("{FAE04EC0-301F-11D3-BF4B-00C04F79EFBC}") = "Weed3", "Weed3\Weed3.csproj", "{BBFD93BA-F4E0-4DD1-9272-EEB352137C00}"
EndProject
Global
	GlobalSection(SolutionConfigurationPlatforms) = preSolution
		Debug|Any CPU = Debug|Any CPU
		Release|Any CPU = Release|Any CPU
	EndGlobalSection
	GlobalSection(ProjectConfigurationPlatforms) = postSolution
		{BBFD93BA-F4E0-4DD1-9272-EEB352137C00}.Debug|Any CPU.ActiveCfg = Debug|Any CPU
		{BBFD93BA-F4E0-4DD1-9272-EEB352137C00}.Debug|Any CPU.Build.0 = Debug|Any CPU
		{BBFD93BA-F4E0-4DD1-9272-EEB352137C00}.Release|Any CPU.ActiveCfg = Release|Any CPU
		{BBFD93BA-F4E0-4DD1-9272-EEB352137C00}.Release|Any CPU.Build.0 = Release|Any CPU
	EndGlobalSection
	GlobalSection(SolutionProperties) = preSolution
		HideSolutionNode = FALSE
	EndGlobalSection
	GlobalSection(ExtensibilityGlobals) = postSolution
		SolutionGuid = {5A1FC308-8F8B-4D7F-BC7D-4C4451153BE9}
	EndGlobalSection
EndGlobal
